dependencies:
- name: vcverifier
  repository: https://fiware.github.io/helm-charts
  version: 4.3.2
- name: credentials-config-service
  repository: https://fiware.github.io/helm-charts
  version: 2.4.4
- name: trusted-issuers-list
  repository: https://fiware.github.io/helm-charts
  version: 0.10.8
- name: dss-validation-service
  repository: https://fiware.github.io/helm-charts
  version: 0.0.18
- name: postgres-operator
  repository: https://opensource.zalando.com/postgres-operator/charts/postgres-operator
  version: 1.15.1
digest: sha256:765e3c831137d65c0e796f6f7b38540e9d7cf99ef1d5c59c3a3d876b8739825d
generated: "2026-02-26T14:25:25.025513+01:00"
