dependencies:
- name: vcverifier
  repository: https://fiware.github.io/helm-charts
  version: 4.7.3
- name: credentials-config-service
  repository: https://fiware.github.io/helm-charts
  version: 2.5.2
- name: trusted-issuers-list
  repository: https://fiware.github.io/helm-charts
  version: 0.16.0
- name: dss-validation-service
  repository: https://fiware.github.io/helm-charts
  version: 0.0.18
- name: postgres-operator
  repository: https://opensource.zalando.com/postgres-operator/charts/postgres-operator
  version: 1.15.1
digest: sha256:1f04b51814be3eb20c232753004574b2468bc591b1f9dbc97bfe204701d9daed
generated: "2026-03-05T16:58:03.846901+01:00"
